// !$*UTF8*$!
{
	archiveVersion = 1;
	classes = {
	};
	objectVersion = 50;
	objects = {

/* Begin PBXBuildFile section */
		8D1464232589EF8D00A35AD5 /* TemplateModel.swift in Sources */ = {isa = PBXBuildFile; fileRef = 8D1464222589EF8D00A35AD5 /* TemplateModel.swift */; };
		8D1464292589F5B900A35AD5 /* NewTemplateViewController.swift in Sources */ = {isa = PBXBuildFile; fileRef = 8D1464272589F5B900A35AD5 /* NewTemplateViewController.swift */; };
		8D14642A2589F5B900A35AD5 /* NewTemplateViewController.xib in Resources */ = {isa = PBXBuildFile; fileRef = 8D1464282589F5B900A35AD5 /* NewTemplateViewController.xib */; };
		8D146430258A4FAA00A35AD5 /* AddQuestionViewController.swift in Sources */ = {isa = PBXBuildFile; fileRef = 8D14642E258A4FAA00A35AD5 /* AddQuestionViewController.swift */; };
		8D146431258A4FAA00A35AD5 /* AddQuestionViewController.xib in Resources */ = {isa = PBXBuildFile; fileRef = 8D14642F258A4FAA00A35AD5 /* AddQuestionViewController.xib */; };
		8D15658E25A6E9CD003DFF0F /* ReportModel.swift in Sources */ = {isa = PBXBuildFile; fileRef = 8D15658D25A6E9CD003DFF0F /* ReportModel.swift */; };
		8D15659125A6ED49003DFF0F /* AnswerModel.swift in Sources */ = {isa = PBXBuildFile; fileRef = 8D15659025A6ED49003DFF0F /* AnswerModel.swift */; };
		8D15659525A6F7B1003DFF0F /* ReportCell.swift in Sources */ = {isa = PBXBuildFile; fileRef = 8D15659325A6F7B1003DFF0F /* ReportCell.swift */; };
		8D15659625A6F7B1003DFF0F /* ReportCell.xib in Resources */ = {isa = PBXBuildFile; fileRef = 8D15659425A6F7B1003DFF0F /* ReportCell.xib */; };
		8D15659C25A70E1B003DFF0F /* ChooseTemplateViewController.swift in Sources */ = {isa = PBXBuildFile; fileRef = 8D15659A25A70E1B003DFF0F /* ChooseTemplateViewController.swift */; };
		8D15659D25A70E1B003DFF0F /* ChooseTemplateViewController.xib in Resources */ = {isa = PBXBuildFile; fileRef = 8D15659B25A70E1B003DFF0F /* ChooseTemplateViewController.xib */; };
		8D5DBB18258876B200E68175 /* AppDelegate.swift in Sources */ = {isa = PBXBuildFile; fileRef = 8D5DBB17258876B200E68175 /* AppDelegate.swift */; };
		8D5DBB1A258876B200E68175 /* SceneDelegate.swift in Sources */ = {isa = PBXBuildFile; fileRef = 8D5DBB19258876B200E68175 /* SceneDelegate.swift */; };
		8D5DBB21258876B300E68175 /* Assets.xcassets in Resources */ = {isa = PBXBuildFile; fileRef = 8D5DBB20258876B300E68175 /* Assets.xcassets */; };
		8D5DBB24258876B300E68175 /* LaunchScreen.storyboard in Resources */ = {isa = PBXBuildFile; fileRef = 8D5DBB22258876B300E68175 /* LaunchScreen.storyboard */; };
		8D5DBB39258877F900E68175 /* LoginViewController.swift in Sources */ = {isa = PBXBuildFile; fileRef = 8D5DBB37258877F900E68175 /* LoginViewController.swift */; };
		8D5DBB3A258877F900E68175 /* LoginViewController.xib in Resources */ = {isa = PBXBuildFile; fileRef = 8D5DBB38258877F900E68175 /* LoginViewController.xib */; };
		8D5DBB602588B9B000E68175 /* TemplateViewController.swift in Sources */ = {isa = PBXBuildFile; fileRef = 8D5DBB5E2588B9B000E68175 /* TemplateViewController.swift */; };
		8D5DBB612588B9B000E68175 /* TemplateViewController.xib in Resources */ = {isa = PBXBuildFile; fileRef = 8D5DBB5F2588B9B000E68175 /* TemplateViewController.xib */; };
		8D5DBB662588BA5D00E68175 /* ReportViewController.swift in Sources */ = {isa = PBXBuildFile; fileRef = 8D5DBB642588BA5D00E68175 /* ReportViewController.swift */; };
		8D5DBB672588BA5D00E68175 /* ReportViewController.xib in Resources */ = {isa = PBXBuildFile; fileRef = 8D5DBB652588BA5D00E68175 /* ReportViewController.xib */; };
		8D5DBB6C2588BBC500E68175 /* UIColorExtension.swift in Sources */ = {isa = PBXBuildFile; fileRef = 8D5DBB6B2588BBC500E68175 /* UIColorExtension.swift */; };
		8D5DBB722588BE5600E68175 /* TemplateCell.swift in Sources */ = {isa = PBXBuildFile; fileRef = 8D5DBB702588BE5600E68175 /* TemplateCell.swift */; };
		8D5DBB732588BE5600E68175 /* TemplateCell.xib in Resources */ = {isa = PBXBuildFile; fileRef = 8D5DBB712588BE5600E68175 /* TemplateCell.xib */; };
		8D5DBB782589AA7100E68175 /* HeaderView.swift in Sources */ = {isa = PBXBuildFile; fileRef = 8D5DBB772589AA7100E68175 /* HeaderView.swift */; };
		8D5FB2A12598705600C1DD6D /* QuestionDetailViewController.swift in Sources */ = {isa = PBXBuildFile; fileRef = 8D5FB29F2598705600C1DD6D /* QuestionDetailViewController.swift */; };
		8D5FB2A22598705600C1DD6D /* QuestionDetailViewController.xib in Resources */ = {isa = PBXBuildFile; fileRef = 8D5FB2A02598705600C1DD6D /* QuestionDetailViewController.xib */; };
		8D5FB2A625987E9500C1DD6D /* UIViewControllerExtension.swift in Sources */ = {isa = PBXBuildFile; fileRef = 8D5FB2A525987E9500C1DD6D /* UIViewControllerExtension.swift */; };
		8D64811E25AEAA4800A25322 /* NewReportViewController.swift in Sources */ = {isa = PBXBuildFile; fileRef = 8D64811C25AEAA4800A25322 /* NewReportViewController.swift */; };
		8D64811F25AEAA4800A25322 /* NewReportViewController.xib in Resources */ = {isa = PBXBuildFile; fileRef = 8D64811D25AEAA4800A25322 /* NewReportViewController.xib */; };
		8DDC3C082594866E00F3A03F /* QuestionModel.swift in Sources */ = {isa = PBXBuildFile; fileRef = 8DDC3C072594866E00F3A03F /* QuestionModel.swift */; };
		8DDC3C0C2594878300F3A03F /* QuestionCell.swift in Sources */ = {isa = PBXBuildFile; fileRef = 8DDC3C0A2594878300F3A03F /* QuestionCell.swift */; };
		8DDC3C0D2594878300F3A03F /* QuestionCell.xib in Resources */ = {isa = PBXBuildFile; fileRef = 8DDC3C0B2594878300F3A03F /* QuestionCell.xib */; };
/* End PBXBuildFile section */

/* Begin PBXFileReference section */
		8D1464222589EF8D00A35AD5 /* TemplateModel.swift */ = {isa = PBXFileReference; lastKnownFileType = sourcecode.swift; path = TemplateModel.swift; sourceTree = "<group>"; };
		8D1464272589F5B900A35AD5 /* NewTemplateViewController.swift */ = {isa = PBXFileReference; lastKnownFileType = sourcecode.swift; path = NewTemplateViewController.swift; sourceTree = "<group>"; };
		8D1464282589F5B900A35AD5 /* NewTemplateViewController.xib */ = {isa = PBXFileReference; lastKnownFileType = file.xib; path = NewTemplateViewController.xib; sourceTree = "<group>"; };
		8D14642E258A4FAA00A35AD5 /* AddQuestionViewController.swift */ = {isa = PBXFileReference; lastKnownFileType = sourcecode.swift; path = AddQuestionViewController.swift; sourceTree = "<group>"; };
		8D14642F258A4FAA00A35AD5 /* AddQuestionViewController.xib */ = {isa = PBXFileReference; lastKnownFileType = file.xib; path = AddQuestionViewController.xib; sourceTree = "<group>"; };
		8D15658D25A6E9CD003DFF0F /* ReportModel.swift */ = {isa = PBXFileReference; lastKnownFileType = sourcecode.swift; path = ReportModel.swift; sourceTree = "<group>"; };
		8D15659025A6ED49003DFF0F /* AnswerModel.swift */ = {isa = PBXFileReference; lastKnownFileType = sourcecode.swift; path = AnswerModel.swift; sourceTree = "<group>"; };
		8D15659325A6F7B1003DFF0F /* ReportCell.swift */ = {isa = PBXFileReference; lastKnownFileType = sourcecode.swift; path = ReportCell.swift; sourceTree = "<group>"; };
		8D15659425A6F7B1003DFF0F /* ReportCell.xib */ = {isa = PBXFileReference; lastKnownFileType = file.xib; path = ReportCell.xib; sourceTree = "<group>"; };
		8D15659A25A70E1B003DFF0F /* ChooseTemplateViewController.swift */ = {isa = PBXFileReference; lastKnownFileType = sourcecode.swift; path = ChooseTemplateViewController.swift; sourceTree = "<group>"; };
		8D15659B25A70E1B003DFF0F /* ChooseTemplateViewController.xib */ = {isa = PBXFileReference; lastKnownFileType = file.xib; path = ChooseTemplateViewController.xib; sourceTree = "<group>"; };
		8D5DBB14258876B200E68175 /* giaotiepnguoimaystoryboard.app */ = {isa = PBXFileReference; explicitFileType = wrapper.application; includeInIndex = 0; path = giaotiepnguoimaystoryboard.app; sourceTree = BUILT_PRODUCTS_DIR; };
		8D5DBB17258876B200E68175 /* AppDelegate.swift */ = {isa = PBXFileReference; lastKnownFileType = sourcecode.swift; path = AppDelegate.swift; sourceTree = "<group>"; };
		8D5DBB19258876B200E68175 /* SceneDelegate.swift */ = {isa = PBXFileReference; lastKnownFileType = sourcecode.swift; path = SceneDelegate.swift; sourceTree = "<group>"; };
		8D5DBB20258876B300E68175 /* Assets.xcassets */ = {isa = PBXFileReference; lastKnownFileType = folder.assetcatalog; path = Assets.xcassets; sourceTree = "<group>"; };
		8D5DBB23258876B300E68175 /* Base */ = {isa = PBXFileReference; lastKnownFileType = file.storyboard; name = Base; path = Base.lproj/LaunchScreen.storyboard; sourceTree = "<group>"; };
		8D5DBB25258876B300E68175 /* Info.plist */ = {isa = PBXFileReference; lastKnownFileType = text.plist.xml; path = Info.plist; sourceTree = "<group>"; };
		8D5DBB37258877F900E68175 /* LoginViewController.swift */ = {isa = PBXFileReference; lastKnownFileType = sourcecode.swift; path = LoginViewController.swift; sourceTree = "<group>"; };
		8D5DBB38258877F900E68175 /* LoginViewController.xib */ = {isa = PBXFileReference; lastKnownFileType = file.xib; path = LoginViewController.xib; sourceTree = "<group>"; };
		8D5DBB5E2588B9B000E68175 /* TemplateViewController.swift */ = {isa = PBXFileReference; lastKnownFileType = sourcecode.swift; path = TemplateViewController.swift; sourceTree = "<group>"; };
		8D5DBB5F2588B9B000E68175 /* TemplateViewController.xib */ = {isa = PBXFileReference; lastKnownFileType = file.xib; path = TemplateViewController.xib; sourceTree = "<group>"; };
		8D5DBB642588BA5D00E68175 /* ReportViewController.swift */ = {isa = PBXFileReference; lastKnownFileType = sourcecode.swift; path = ReportViewController.swift; sourceTree = "<group>"; };
		8D5DBB652588BA5D00E68175 /* ReportViewController.xib */ = {isa = PBXFileReference; lastKnownFileType = file.xib; path = ReportViewController.xib; sourceTree = "<group>"; };
		8D5DBB6B2588BBC500E68175 /* UIColorExtension.swift */ = {isa = PBXFileReference; lastKnownFileType = sourcecode.swift; path = UIColorExtension.swift; sourceTree = "<group>"; };
		8D5DBB702588BE5600E68175 /* TemplateCell.swift */ = {isa = PBXFileReference; lastKnownFileType = sourcecode.swift; path = TemplateCell.swift; sourceTree = "<group>"; };
		8D5DBB712588BE5600E68175 /* TemplateCell.xib */ = {isa = PBXFileReference; lastKnownFileType = file.xib; path = TemplateCell.xib; sourceTree = "<group>"; };
		8D5DBB772589AA7100E68175 /* HeaderView.swift */ = {isa = PBXFileReference; lastKnownFileType = sourcecode.swift; path = HeaderView.swift; sourceTree = "<group>"; };
		8D5FB29F2598705600C1DD6D /* QuestionDetailViewController.swift */ = {isa = PBXFileReference; lastKnownFileType = sourcecode.swift; path = QuestionDetailViewController.swift; sourceTree = "<group>"; };
		8D5FB2A02598705600C1DD6D /* QuestionDetailViewController.xib */ = {isa = PBXFileReference; lastKnownFileType = file.xib; path = QuestionDetailViewController.xib; sourceTree = "<group>"; };
		8D5FB2A525987E9500C1DD6D /* UIViewControllerExtension.swift */ = {isa = PBXFileReference; lastKnownFileType = sourcecode.swift; path = UIViewControllerExtension.swift; sourceTree = "<group>"; };
		8D64811C25AEAA4800A25322 /* NewReportViewController.swift */ = {isa = PBXFileReference; lastKnownFileType = sourcecode.swift; path = NewReportViewController.swift; sourceTree = "<group>"; };
		8D64811D25AEAA4800A25322 /* NewReportViewController.xib */ = {isa = PBXFileReference; lastKnownFileType = file.xib; path = NewReportViewController.xib; sourceTree = "<group>"; };
		8DDC3C072594866E00F3A03F /* QuestionModel.swift */ = {isa = PBXFileReference; lastKnownFileType = sourcecode.swift; path = QuestionModel.swift; sourceTree = "<group>"; };
		8DDC3C0A2594878300F3A03F /* QuestionCell.swift */ = {isa = PBXFileReference; lastKnownFileType = sourcecode.swift; path = QuestionCell.swift; sourceTree = "<group>"; };
		8DDC3C0B2594878300F3A03F /* QuestionCell.xib */ = {isa = PBXFileReference; lastKnownFileType = file.xib; path = QuestionCell.xib; sourceTree = "<group>"; };
/* End PBXFileReference section */

/* Begin PBXFrameworksBuildPhase section */
		8D5DBB11258876B200E68175 /* Frameworks */ = {
			isa = PBXFrameworksBuildPhase;
			buildActionMask = 2147483647;
			files = (
			);
			runOnlyForDeploymentPostprocessing = 0;
		};
/* End PBXFrameworksBuildPhase section */

/* Begin PBXGroup section */
		8D1464212589EF7600A35AD5 /* Model */ = {
			isa = PBXGroup;
			children = (
				8D1464222589EF8D00A35AD5 /* TemplateModel.swift */,
				8DDC3C072594866E00F3A03F /* QuestionModel.swift */,
				8D15658D25A6E9CD003DFF0F /* ReportModel.swift */,
				8D15659025A6ED49003DFF0F /* AnswerModel.swift */,
			);
			path = Model;
			sourceTree = "<group>";
		};
		8D1464262589F58C00A35AD5 /* NewTemplate */ = {
			isa = PBXGroup;
			children = (
				8D1464272589F5B900A35AD5 /* NewTemplateViewController.swift */,
				8D1464282589F5B900A35AD5 /* NewTemplateViewController.xib */,
			);
			path = NewTemplate;
			sourceTree = "<group>";
		};
		8D14642D258A4F9200A35AD5 /* AddQuestion */ = {
			isa = PBXGroup;
			children = (
				8D14642E258A4FAA00A35AD5 /* AddQuestionViewController.swift */,
				8D14642F258A4FAA00A35AD5 /* AddQuestionViewController.xib */,
			);
			path = AddQuestion;
			sourceTree = "<group>";
		};
		8D15659825A70D7A003DFF0F /* NewReport */ = {
			isa = PBXGroup;
			children = (
				8D64811C25AEAA4800A25322 /* NewReportViewController.swift */,
				8D64811D25AEAA4800A25322 /* NewReportViewController.xib */,
			);
			path = NewReport;
			sourceTree = "<group>";
		};
		8D15659925A70DFA003DFF0F /* ChooseTemplate */ = {
			isa = PBXGroup;
			children = (
				8D15659A25A70E1B003DFF0F /* ChooseTemplateViewController.swift */,
				8D15659B25A70E1B003DFF0F /* ChooseTemplateViewController.xib */,
			);
			path = ChooseTemplate;
			sourceTree = "<group>";
		};
		8D5DBB0B258876B200E68175 = {
			isa = PBXGroup;
			children = (
				8D5DBB16258876B200E68175 /* giaotiepnguoimaystoryboard */,
				8D5DBB15258876B200E68175 /* Products */,
			);
			sourceTree = "<group>";
		};
		8D5DBB15258876B200E68175 /* Products */ = {
			isa = PBXGroup;
			children = (
				8D5DBB14258876B200E68175 /* giaotiepnguoimaystoryboard.app */,
			);
			name = Products;
			sourceTree = "<group>";
		};
		8D5DBB16258876B200E68175 /* giaotiepnguoimaystoryboard */ = {
			isa = PBXGroup;
			children = (
				8D1464212589EF7600A35AD5 /* Model */,
				8D5DBB762589AA5200E68175 /* Custom */,
				8D5DBB6F2588BE4400E68175 /* Cell */,
				8D5DBB6A2588BBB100E68175 /* Extension */,
				8D5DBB2D2588775400E68175 /* Controller */,
				8D5DBB17258876B200E68175 /* AppDelegate.swift */,
				8D5DBB19258876B200E68175 /* SceneDelegate.swift */,
				8D5DBB20258876B300E68175 /* Assets.xcassets */,
				8D5DBB22258876B300E68175 /* LaunchScreen.storyboard */,
				8D5DBB25258876B300E68175 /* Info.plist */,
			);
			path = giaotiepnguoimaystoryboard;
			sourceTree = "<group>";
		};
		8D5DBB2D2588775400E68175 /* Controller */ = {
			isa = PBXGroup;
			children = (
				8D15659925A70DFA003DFF0F /* ChooseTemplate */,
				8D15659825A70D7A003DFF0F /* NewReport */,
				8D5FB29E2598702900C1DD6D /* QuestionDetail */,
				8D14642D258A4F9200A35AD5 /* AddQuestion */,
				8D5DBB632588BA4800E68175 /* Report */,
				8D1464262589F58C00A35AD5 /* NewTemplate */,
				8D5DBB5C2588B8A400E68175 /* Template */,
				8D5DBB36258877E800E68175 /* Login */,
			);
			path = Controller;
			sourceTree = "<group>";
		};
		8D5DBB36258877E800E68175 /* Login */ = {
			isa = PBXGroup;
			children = (
				8D5DBB37258877F900E68175 /* LoginViewController.swift */,
				8D5DBB38258877F900E68175 /* LoginViewController.xib */,
			);
			path = Login;
			sourceTree = "<group>";
		};
		8D5DBB5C2588B8A400E68175 /* Template */ = {
			isa = PBXGroup;
			children = (
				8D5DBB5E2588B9B000E68175 /* TemplateViewController.swift */,
				8D5DBB5F2588B9B000E68175 /* TemplateViewController.xib */,
			);
			path = Template;
			sourceTree = "<group>";
		};
		8D5DBB632588BA4800E68175 /* Report */ = {
			isa = PBXGroup;
			children = (
				8D5DBB642588BA5D00E68175 /* ReportViewController.swift */,
				8D5DBB652588BA5D00E68175 /* ReportViewController.xib */,
			);
			path = Report;
			sourceTree = "<group>";
		};
		8D5DBB6A2588BBB100E68175 /* Extension */ = {
			isa = PBXGroup;
			children = (
				8D5DBB6B2588BBC500E68175 /* UIColorExtension.swift */,
				8D5FB2A525987E9500C1DD6D /* UIViewControllerExtension.swift */,
			);
			path = Extension;
			sourceTree = "<group>";
		};
		8D5DBB6F2588BE4400E68175 /* Cell */ = {
			isa = PBXGroup;
			children = (
				8D5DBB702588BE5600E68175 /* TemplateCell.swift */,
				8D5DBB712588BE5600E68175 /* TemplateCell.xib */,
				8DDC3C0A2594878300F3A03F /* QuestionCell.swift */,
				8DDC3C0B2594878300F3A03F /* QuestionCell.xib */,
				8D15659325A6F7B1003DFF0F /* ReportCell.swift */,
				8D15659425A6F7B1003DFF0F /* ReportCell.xib */,
			);
			path = Cell;
			sourceTree = "<group>";
		};
		8D5DBB762589AA5200E68175 /* Custom */ = {
			isa = PBXGroup;
			children = (
				8D5DBB772589AA7100E68175 /* HeaderView.swift */,
			);
			path = Custom;
			sourceTree = "<group>";
		};
		8D5FB29E2598702900C1DD6D /* QuestionDetail */ = {
			isa = PBXGroup;
			children = (
				8D5FB29F2598705600C1DD6D /* QuestionDetailViewController.swift */,
				8D5FB2A02598705600C1DD6D /* QuestionDetailViewController.xib */,
			);
			path = QuestionDetail;
			sourceTree = "<group>";
		};
/* End PBXGroup section */

/* Begin PBXNativeTarget section */
		8D5DBB13258876B200E68175 /* giaotiepnguoimaystoryboard */ = {
			isa = PBXNativeTarget;
			buildConfigurationList = 8D5DBB28258876B300E68175 /* Build configuration list for PBXNativeTarget "giaotiepnguoimaystoryboard" */;
			buildPhases = (
				8D5DBB10258876B200E68175 /* Sources */,
				8D5DBB11258876B200E68175 /* Frameworks */,
				8D5DBB12258876B200E68175 /* Resources */,
			);
			buildRules = (
			);
			dependencies = (
			);
			name = giaotiepnguoimaystoryboard;
			productName = giaotiepnguoimaystoryboard;
			productReference = 8D5DBB14258876B200E68175 /* giaotiepnguoimaystoryboard.app */;
			productType = "com.apple.product-type.application";
		};
/* End PBXNativeTarget section */

/* Begin PBXProject section */
		8D5DBB0C258876B200E68175 /* Project object */ = {
			isa = PBXProject;
			attributes = {
				LastSwiftUpdateCheck = 1220;
				LastUpgradeCheck = 1220;
				TargetAttributes = {
					8D5DBB13258876B200E68175 = {
						CreatedOnToolsVersion = 12.2;
					};
				};
			};
			buildConfigurationList = 8D5DBB0F258876B200E68175 /* Build configuration list for PBXProject "giaotiepnguoimaystoryboard" */;
			compatibilityVersion = "Xcode 9.3";
			developmentRegion = en;
			hasScannedForEncodings = 0;
			knownRegions = (
				en,
				Base,
			);
			mainGroup = 8D5DBB0B258876B200E68175;
			productRefGroup = 8D5DBB15258876B200E68175 /* Products */;
			projectDirPath = "";
			projectRoot = "";
			targets = (
				8D5DBB13258876B200E68175 /* giaotiepnguoimaystoryboard */,
			);
		};
/* End PBXProject section */

/* Begin PBXResourcesBuildPhase section */
		8D5DBB12258876B200E68175 /* Resources */ = {
			isa = PBXResourcesBuildPhase;
			buildActionMask = 2147483647;
			files = (
				8D5FB2A22598705600C1DD6D /* QuestionDetailViewController.xib in Resources */,
				8D5DBB672588BA5D00E68175 /* ReportViewController.xib in Resources */,
				8D14642A2589F5B900A35AD5 /* NewTemplateViewController.xib in Resources */,
				8D15659625A6F7B1003DFF0F /* ReportCell.xib in Resources */,
				8D5DBB732588BE5600E68175 /* TemplateCell.xib in Resources */,
				8D5DBB24258876B300E68175 /* LaunchScreen.storyboard in Resources */,
				8DDC3C0D2594878300F3A03F /* QuestionCell.xib in Resources */,
				8D5DBB21258876B300E68175 /* Assets.xcassets in Resources */,
				8D5DBB612588B9B000E68175 /* TemplateViewController.xib in Resources */,
				8D146431258A4FAA00A35AD5 /* AddQuestionViewController.xib in Resources */,
				8D64811F25AEAA4800A25322 /* NewReportViewController.xib in Resources */,
				8D15659D25A70E1B003DFF0F /* ChooseTemplateViewController.xib in Resources */,
				8D5DBB3A258877F900E68175 /* LoginViewController.xib in Resources */,
			);
			runOnlyForDeploymentPostprocessing = 0;
		};
/* End PBXResourcesBuildPhase section */

/* Begin PBXSourcesBuildPhase section */
		8D5DBB10258876B200E68175 /* Sources */ = {
			isa = PBXSourcesBuildPhase;
			buildActionMask = 2147483647;
			files = (
				8D5DBB39258877F900E68175 /* LoginViewController.swift in Sources */,
				8D5DBB18258876B200E68175 /* AppDelegate.swift in Sources */,
				8D5FB2A625987E9500C1DD6D /* UIViewControllerExtension.swift in Sources */,
				8D5DBB602588B9B000E68175 /* TemplateViewController.swift in Sources */,
				8D5FB2A12598705600C1DD6D /* QuestionDetailViewController.swift in Sources */,
				8D64811E25AEAA4800A25322 /* NewReportViewController.swift in Sources */,
				8DDC3C082594866E00F3A03F /* QuestionModel.swift in Sources */,
				8D1464232589EF8D00A35AD5 /* TemplateModel.swift in Sources */,
				8D5DBB722588BE5600E68175 /* TemplateCell.swift in Sources */,
				8D15659C25A70E1B003DFF0F /* ChooseTemplateViewController.swift in Sources */,
				8D146430258A4FAA00A35AD5 /* AddQuestionViewController.swift in Sources */,
				8D15659125A6ED49003DFF0F /* AnswerModel.swift in Sources */,
				8D15658E25A6E9CD003DFF0F /* ReportModel.swift in Sources */,
				8D5DBB662588BA5D00E68175 /* ReportViewController.swift in Sources */,
				8D5DBB1A258876B200E68175 /* SceneDelegate.swift in Sources */,
				8D1464292589F5B900A35AD5 /* NewTemplateViewController.swift in Sources */,
				8D5DBB6C2588BBC500E68175 /* UIColorExtension.swift in Sources */,
				8DDC3C0C2594878300F3A03F /* QuestionCell.swift in Sources */,
				8D5DBB782589AA7100E68175 /* HeaderView.swift in Sources */,
				8D15659525A6F7B1003DFF0F /* ReportCell.swift in Sources */,
			);
			runOnlyForDeploymentPostprocessing = 0;
		};
/* End PBXSourcesBuildPhase section */

/* Begin PBXVariantGroup section */
		8D5DBB22258876B300E68175 /* LaunchScreen.storyboard */ = {
			isa = PBXVariantGroup;
			children = (
				8D5DBB23258876B300E68175 /* Base */,
			);
			name = LaunchScreen.storyboard;
			sourceTree = "<group>";
		};
/* End PBXVariantGroup section */

/* Begin XCBuildConfiguration section */
		8D5DBB26258876B300E68175 /* Debug */ = {
			isa = XCBuildConfiguration;
			buildSettings = {
				ALWAYS_SEARCH_USER_PATHS = NO;
				CLANG_ANALYZER_NONNULL = YES;
				CLANG_ANALYZER_NUMBER_OBJECT_CONVERSION = YES_AGGRESSIVE;
				CLANG_CXX_LANGUAGE_STANDARD = "gnu++14";
				CLANG_CXX_LIBRARY = "libc++";
				CLANG_ENABLE_MODULES = YES;
				CLANG_ENABLE_OBJC_ARC = YES;
				CLANG_ENABLE_OBJC_WEAK = YES;
				CLANG_WARN_BLOCK_CAPTURE_AUTORELEASING = YES;
				CLANG_WARN_BOOL_CONVERSION = YES;
				CLANG_WARN_COMMA = YES;
				CLANG_WARN_CONSTANT_CONVERSION = YES;
				CLANG_WARN_DEPRECATED_OBJC_IMPLEMENTATIONS = YES;
				CLANG_WARN_DIRECT_OBJC_ISA_USAGE = YES_ERROR;
				CLANG_WARN_DOCUMENTATION_COMMENTS = YES;
				CLANG_WARN_EMPTY_BODY = YES;
				CLANG_WARN_ENUM_CONVERSION = YES;
				CLANG_WARN_INFINITE_RECURSION = YES;
				CLANG_WARN_INT_CONVERSION = YES;
				CLANG_WARN_NON_LITERAL_NULL_CONVERSION = YES;
				CLANG_WARN_OBJC_IMPLICIT_RETAIN_SELF = YES;
				CLANG_WARN_OBJC_LITERAL_CONVERSION = YES;
				CLANG_WARN_OBJC_ROOT_CLASS = YES_ERROR;
				CLANG_WARN_QUOTED_INCLUDE_IN_FRAMEWORK_HEADER = YES;
				CLANG_WARN_RANGE_LOOP_ANALYSIS = YES;
				CLANG_WARN_STRICT_PROTOTYPES = YES;
				CLANG_WARN_SUSPICIOUS_MOVE = YES;
				CLANG_WARN_UNGUARDED_AVAILABILITY = YES_AGGRESSIVE;
				CLANG_WARN_UNREACHABLE_CODE = YES;
				CLANG_WARN__DUPLICATE_METHOD_MATCH = YES;
				COPY_PHASE_STRIP = NO;
				DEBUG_INFORMATION_FORMAT = dwarf;
				ENABLE_STRICT_OBJC_MSGSEND = YES;
				ENABLE_TESTABILITY = YES;
				GCC_C_LANGUAGE_STANDARD = gnu11;
				GCC_DYNAMIC_NO_PIC = NO;
				GCC_NO_COMMON_BLOCKS = YES;
				GCC_OPTIMIZATION_LEVEL = 0;
				GCC_PREPROCESSOR_DEFINITIONS = (
					"DEBUG=1",
					"$(inherited)",
				);
				GCC_WARN_64_TO_32_BIT_CONVERSION = YES;
				GCC_WARN_ABOUT_RETURN_TYPE = YES_ERROR;
				GCC_WARN_UNDECLARED_SELECTOR = YES;
				GCC_WARN_UNINITIALIZED_AUTOS = YES_AGGRESSIVE;
				GCC_WARN_UNUSED_FUNCTION = YES;
				GCC_WARN_UNUSED_VARIABLE = YES;
				IPHONEOS_DEPLOYMENT_TARGET = 14.2;
				MTL_ENABLE_DEBUG_INFO = INCLUDE_SOURCE;
				MTL_FAST_MATH = YES;
				ONLY_ACTIVE_ARCH = YES;
				SDKROOT = iphoneos;
				SWIFT_ACTIVE_COMPILATION_CONDITIONS = DEBUG;
				SWIFT_OPTIMIZATION_LEVEL = "-Onone";
			};
			name = Debug;
		};
		8D5DBB27258876B300E68175 /* Release */ = {
			isa = XCBuildConfiguration;
			buildSettings = {
				ALWAYS_SEARCH_USER_PATHS = NO;
				CLANG_ANALYZER_NONNULL = YES;
				CLANG_ANALYZER_NUMBER_OBJECT_CONVERSION = YES_AGGRESSIVE;
				CLANG_CXX_LANGUAGE_STANDARD = "gnu++14";
				CLANG_CXX_LIBRARY = "libc++";
				CLANG_ENABLE_MODULES = YES;
				CLANG_ENABLE_OBJC_ARC = YES;
				CLANG_ENABLE_OBJC_WEAK = YES;
				CLANG_WARN_BLOCK_CAPTURE_AUTORELEASING = YES;
				CLANG_WARN_BOOL_CONVERSION = YES;
				CLANG_WARN_COMMA = YES;
				CLANG_WARN_CONSTANT_CONVERSION = YES;
				CLANG_WARN_DEPRECATED_OBJC_IMPLEMENTATIONS = YES;
				CLANG_WARN_DIRECT_OBJC_ISA_USAGE = YES_ERROR;
				CLANG_WARN_DOCUMENTATION_COMMENTS = YES;
				CLANG_WARN_EMPTY_BODY = YES;
				CLANG_WARN_ENUM_CONVERSION = YES;
				CLANG_WARN_INFINITE_RECURSION = YES;
				CLANG_WARN_INT_CONVERSION = YES;
				CLANG_WARN_NON_LITERAL_NULL_CONVERSION = YES;
				CLANG_WARN_OBJC_IMPLICIT_RETAIN_SELF = YES;
				CLANG_WARN_OBJC_LITERAL_CONVERSION = YES;
				CLANG_WARN_OBJC_ROOT_CLASS = YES_ERROR;
				CLANG_WARN_QUOTED_INCLUDE_IN_FRAMEWORK_HEADER = YES;
				CLANG_WARN_RANGE_LOOP_ANALYSIS = YES;
				CLANG_WARN_STRICT_PROTOTYPES = YES;
				CLANG_WARN_SUSPICIOUS_MOVE = YES;
				CLANG_WARN_UNGUARDED_AVAILABILITY = YES_AGGRESSIVE;
				CLANG_WARN_UNREACHABLE_CODE = YES;
				CLANG_WARN__DUPLICATE_METHOD_MATCH = YES;
				COPY_PHASE_STRIP = NO;
				DEBUG_INFORMATION_FORMAT = "dwarf-with-dsym";
				ENABLE_NS_ASSERTIONS = NO;
				ENABLE_STRICT_OBJC_MSGSEND = YES;
				GCC_C_LANGUAGE_STANDARD = gnu11;
				GCC_NO_COMMON_BLOCKS = YES;
				GCC_WARN_64_TO_32_BIT_CONVERSION = YES;
				GCC_WARN_ABOUT_RETURN_TYPE = YES_ERROR;
				GCC_WARN_UNDECLARED_SELECTOR = YES;
				GCC_WARN_UNINITIALIZED_AUTOS = YES_AGGRESSIVE;
				GCC_WARN_UNUSED_FUNCTION = YES;
				GCC_WARN_UNUSED_VARIABLE = YES;
				IPHONEOS_DEPLOYMENT_TARGET = 14.2;
				MTL_ENABLE_DEBUG_INFO = NO;
				MTL_FAST_MATH = YES;
				SDKROOT = iphoneos;
				SWIFT_COMPILATION_MODE = wholemodule;
				SWIFT_OPTIMIZATION_LEVEL = "-O";
				VALIDATE_PRODUCT = YES;
			};
			name = Release;
		};
		8D5DBB29258876B300E68175 /* Debug */ = {
			isa = XCBuildConfiguration;
			buildSettings = {
				ASSETCATALOG_COMPILER_APPICON_NAME = AppIcon;
				ASSETCATALOG_COMPILER_GLOBAL_ACCENT_COLOR_NAME = AccentColor;
				CODE_SIGN_STYLE = Automatic;
				DEVELOPMENT_TEAM = L334R88X2F;
				INFOPLIST_FILE = giaotiepnguoimaystoryboard/Info.plist;
				LD_RUNPATH_SEARCH_PATHS = (
					"$(inherited)",
					"@executable_path/Frameworks",
				);
				PRODUCT_BUNDLE_IDENTIFIER = com.nguyenvietmy.giaotiepnguoimaystoryboard;
				PRODUCT_NAME = "$(TARGET_NAME)";
				SWIFT_VERSION = 5.0;
				TARGETED_DEVICE_FAMILY = "1,2";
			};
			name = Debug;
		};
		8D5DBB2A258876B300E68175 /* Release */ = {
			isa = XCBuildConfiguration;
			buildSettings = {
				ASSETCATALOG_COMPILER_APPICON_NAME = AppIcon;
				ASSETCATALOG_COMPILER_GLOBAL_ACCENT_COLOR_NAME = AccentColor;
				CODE_SIGN_STYLE = Automatic;
				DEVELOPMENT_TEAM = L334R88X2F;
				INFOPLIST_FILE = giaotiepnguoimaystoryboard/Info.plist;
				LD_RUNPATH_SEARCH_PATHS = (
					"$(inherited)",
					"@executable_path/Frameworks",
				);
				PRODUCT_BUNDLE_IDENTIFIER = com.nguyenvietmy.giaotiepnguoimaystoryboard;
				PRODUCT_NAME = "$(TARGET_NAME)";
				SWIFT_VERSION = 5.0;
				TARGETED_DEVICE_FAMILY = "1,2";
			};
			name = Release;
		};
/* End XCBuildConfiguration section */

/* Begin XCConfigurationList section */
		8D5DBB0F258876B200E68175 /* Build configuration list for PBXProject "giaotiepnguoimaystoryboard" */ = {
			isa = XCConfigurationList;
			buildConfigurations = (
				8D5DBB26258876B300E68175 /* Debug */,
				8D5DBB27258876B300E68175 /* Release */,
			);
			defaultConfigurationIsVisible = 0;
			defaultConfigurationName = Release;
		};
		8D5DBB28258876B300E68175 /* Build configuration list for PBXNativeTarget "giaotiepnguoimaystoryboard" */ = {
			isa = XCConfigurationList;
			buildConfigurations = (
				8D5DBB29258876B300E68175 /* Debug */,
				8D5DBB2A258876B300E68175 /* Release */,
			);
			defaultConfigurationIsVisible = 0;
			defaultConfigurationName = Release;
		};
/* End XCConfigurationList section */
	};
	rootObject = 8D5DBB0C258876B200E68175 /* Project object */;
}
